
Microsoft Visual Studio Solution File, Format Version 9.00
# Visual Studio 2005
Project("{8BC9CEB8-8B4A-11D0-8D11-00A0C91BC942}") = "nifcalc", "nifcalc.vcproj", "{59CF9AF2-F8B2-43C5-9009-FF5A1C77306E}"
EndProject
Global
	GlobalSection(SolutionConfigurationPlatforms) = preSolution
		Debug|Win32 = Debug|Win32
		Release|Win32 = Release|Win32
	EndGlobalSection
	GlobalSection(ProjectConfigurationPlatforms) = postSolution
		{59CF9AF2-F8B2-43C5-9009-FF5A1C77306E}.Debug|Win32.ActiveCfg = Release|Win32
		{59CF9AF2-F8B2-43C5-9009-FF5A1C77306E}.Debug|Win32.Build.0 = Release|Win32
		{59CF9AF2-F8B2-43C5-9009-FF5A1C77306E}.Release|Win32.ActiveCfg = Release|Win32
		{59CF9AF2-F8B2-43C5-9009-FF5A1C77306E}.Release|Win32.Build.0 = Release|Win32
	EndGlobalSection
	GlobalSection(SolutionProperties) = preSolution
		HideSolutionNode = FALSE
	EndGlobalSection
EndGlobal
